
Microsoft Visual Studio Solution File, Format Version 9.00
# Visual Studio 2005
Project("{FAE04EC0-301F-11D3-BF4B-00C04F79EFBC}") = "Common", "Common\Common.csproj", "{4E3E139A-370C-4082-B261-1CAB709398D2}"
	ProjectSection(WebsiteProperties) = preProject
		Debug.AspNetCompiler.Debug = "True"
		Release.AspNetCompiler.Debug = "False"
	EndProjectSection
EndProject
Project("{FAE04EC0-301F-11D3-BF4B-00C04F79EFBC}") = "Testing", "Testing\Testing.csproj", "{5F991330-3896-44DC-AB0F-479A224CD951}"
	ProjectSection(WebsiteProperties) = preProject
		Debug.AspNetCompiler.Debug = "True"
		Release.AspNetCompiler.Debug = "False"
	EndProjectSection
EndProject
Project("{FAE04EC0-301F-11D3-BF4B-00C04F79EFBC}") = "DAL", "DAL\DAL.csproj", "{F5483457-7BBA-429B-9F66-8C688D2F6974}"
	ProjectSection(WebsiteProperties) = preProject
		Debug.AspNetCompiler.Debug = "True"
		Release.AspNetCompiler.Debug = "False"
	EndProjectSection
EndProject
Project("{FAE04EC0-301F-11D3-BF4B-00C04F79EFBC}") = "BLL", "BLL\BLL.csproj", "{10C9A3FF-3A66-4972-AEAA-553657C4FA7B}"
	ProjectSection(WebsiteProperties) = preProject
		Debug.AspNetCompiler.Debug = "True"
		Release.AspNetCompiler.Debug = "False"
	EndProjectSection
EndProject
Project("{FAE04EC0-301F-11D3-BF4B-00C04F79EFBC}") = "Scribe", "Scribe\Scribe.csproj", "{91572D89-AEFF-45E4-969E-97CA09457EDF}"
	ProjectSection(WebsiteProperties) = preProject
		Debug.AspNetCompiler.Debug = "True"
		Release.AspNetCompiler.Debug = "False"
	EndProjectSection
EndProject
Project("{FAE04EC0-301F-11D3-BF4B-00C04F79EFBC}") = "Documentation", "Documentation\Documentation.csproj", "{4E386BE8-E470-443B-873F-84AAA1B0EDBD}"
	ProjectSection(WebsiteProperties) = preProject
		Debug.AspNetCompiler.Debug = "True"
		Release.AspNetCompiler.Debug = "False"
	EndProjectSection
EndProject
Global
	GlobalSection(SolutionConfigurationPlatforms) = preSolution
		Debug|Any CPU = Debug|Any CPU
		Release|Any CPU = Release|Any CPU
	EndGlobalSection
	GlobalSection(ProjectConfigurationPlatforms) = postSolution
		{4E3E139A-370C-4082-B261-1CAB709398D2}.Debug|Any CPU.ActiveCfg = Debug|Any CPU
		{4E3E139A-370C-4082-B261-1CAB709398D2}.Debug|Any CPU.Build.0 = Debug|Any CPU
		{4E3E139A-370C-4082-B261-1CAB709398D2}.Release|Any CPU.ActiveCfg = Release|Any CPU
		{4E3E139A-370C-4082-B261-1CAB709398D2}.Release|Any CPU.Build.0 = Release|Any CPU
		{5F991330-3896-44DC-AB0F-479A224CD951}.Debug|Any CPU.ActiveCfg = Debug|Any CPU
		{5F991330-3896-44DC-AB0F-479A224CD951}.Debug|Any CPU.Build.0 = Debug|Any CPU
		{5F991330-3896-44DC-AB0F-479A224CD951}.Release|Any CPU.ActiveCfg = Release|Any CPU
		{5F991330-3896-44DC-AB0F-479A224CD951}.Release|Any CPU.Build.0 = Release|Any CPU
		{F5483457-7BBA-429B-9F66-8C688D2F6974}.Debug|Any CPU.ActiveCfg = Debug|Any CPU
		{F5483457-7BBA-429B-9F66-8C688D2F6974}.Debug|Any CPU.Build.0 = Debug|Any CPU
		{F5483457-7BBA-429B-9F66-8C688D2F6974}.Release|Any CPU.ActiveCfg = Release|Any CPU
		{F5483457-7BBA-429B-9F66-8C688D2F6974}.Release|Any CPU.Build.0 = Release|Any CPU
		{10C9A3FF-3A66-4972-AEAA-553657C4FA7B}.Debug|Any CPU.ActiveCfg = Debug|Any CPU
		{10C9A3FF-3A66-4972-AEAA-553657C4FA7B}.Debug|Any CPU.Build.0 = Debug|Any CPU
		{10C9A3FF-3A66-4972-AEAA-553657C4FA7B}.Release|Any CPU.ActiveCfg = Release|Any CPU
		{10C9A3FF-3A66-4972-AEAA-553657C4FA7B}.Release|Any CPU.Build.0 = Release|Any CPU
		{91572D89-AEFF-45E4-969E-97CA09457EDF}.Debug|Any CPU.ActiveCfg = Debug|Any CPU
		{91572D89-AEFF-45E4-969E-97CA09457EDF}.Debug|Any CPU.Build.0 = Debug|Any CPU
		{91572D89-AEFF-45E4-969E-97CA09457EDF}.Release|Any CPU.ActiveCfg = Release|Any CPU
		{91572D89-AEFF-45E4-969E-97CA09457EDF}.Release|Any CPU.Build.0 = Release|Any CPU
		{4E386BE8-E470-443B-873F-84AAA1B0EDBD}.Debug|Any CPU.ActiveCfg = Debug|Any CPU
		{4E386BE8-E470-443B-873F-84AAA1B0EDBD}.Release|Any CPU.ActiveCfg = Release|Any CPU
	EndGlobalSection
	GlobalSection(SolutionProperties) = preSolution
		HideSolutionNode = FALSE
	EndGlobalSection
EndGlobal
